
Microsoft Visual Studio Solution File, Format Version 12.00
# Visual Studio Version 17
VisualStudioVersion = 17.2.32519.379
MinimumVisualStudioVersion = 10.0.40219.1
Project("{FAE04EC0-301F-11D3-BF4B-00C04F79EFBC}") = "Mail Detector", "Mail Detector\Mail Detector.csproj", "{DA2508DC-62DB-40EB-A614-97FC70E15EF5}"
EndProject
Global
	GlobalSection(SolutionConfigurationPlatforms) = preSolution
		Debug|Any CPU = Debug|Any CPU
		Release|Any CPU = Release|Any CPU
	EndGlobalSection
	GlobalSection(ProjectConfigurationPlatforms) = postSolution
		{DA2508DC-62DB-40EB-A614-97FC70E15EF5}.Debug|Any CPU.ActiveCfg = Debug|Any CPU
		{DA2508DC-62DB-40EB-A614-97FC70E15EF5}.Debug|Any CPU.Build.0 = Debug|Any CPU
		{DA2508DC-62DB-40EB-A614-97FC70E15EF5}.Release|Any CPU.ActiveCfg = Release|Any CPU
		{DA2508DC-62DB-40EB-A614-97FC70E15EF5}.Release|Any CPU.Build.0 = Release|Any CPU
	EndGlobalSection
	GlobalSection(SolutionProperties) = preSolution
		HideSolutionNode = FALSE
	EndGlobalSection
	GlobalSection(ExtensibilityGlobals) = postSolution
		SolutionGuid = {E0BB0E22-F95B-42FA-86DE-278F087D366A}
	EndGlobalSection
EndGlobal
